
Microsoft Visual Studio Solution File, Format Version 12.00
# Visual Studio 15
VisualStudioVersion = 15.0.26730.16
MinimumVisualStudioVersion = 10.0.40219.1
Project("{FAE04EC0-301F-11D3-BF4B-00C04F79EFBC}") = "macierz", "macierz\macierz.csproj", "{6CB71D6C-3299-4429-A539-BBEA084158CE}"
EndProject
Global
	GlobalSection(SolutionConfigurationPlatforms) = preSolution
		Debug|Any CPU = Debug|Any CPU
		Release|Any CPU = Release|Any CPU
	EndGlobalSection
	GlobalSection(ProjectConfigurationPlatforms) = postSolution
		{6CB71D6C-3299-4429-A539-BBEA084158CE}.Debug|Any CPU.ActiveCfg = Debug|Any CPU
		{6CB71D6C-3299-4429-A539-BBEA084158CE}.Debug|Any CPU.Build.0 = Debug|Any CPU
		{6CB71D6C-3299-4429-A539-BBEA084158CE}.Release|Any CPU.ActiveCfg = Release|Any CPU
		{6CB71D6C-3299-4429-A539-BBEA084158CE}.Release|Any CPU.Build.0 = Release|Any CPU
	EndGlobalSection
	GlobalSection(SolutionProperties) = preSolution
		HideSolutionNode = FALSE
	EndGlobalSection
	GlobalSection(ExtensibilityGlobals) = postSolution
		SolutionGuid = {09C76BC1-BC30-4299-BFB9-27D2374C0430}
	EndGlobalSection
EndGlobal
