
Microsoft Visual Studio Solution File, Format Version 12.00
# Visual Studio 15
VisualStudioVersion = 15.0.26730.16
MinimumVisualStudioVersion = 10.0.40219.1
Project("{FAE04EC0-301F-11D3-BF4B-00C04F79EFBC}") = "tablica", "tablica\tablica.csproj", "{C1CAA05E-E304-40A5-B084-7829E3874DB0}"
EndProject
Global
	GlobalSection(SolutionConfigurationPlatforms) = preSolution
		Debug|Any CPU = Debug|Any CPU
		Release|Any CPU = Release|Any CPU
	EndGlobalSection
	GlobalSection(ProjectConfigurationPlatforms) = postSolution
		{C1CAA05E-E304-40A5-B084-7829E3874DB0}.Debug|Any CPU.ActiveCfg = Debug|Any CPU
		{C1CAA05E-E304-40A5-B084-7829E3874DB0}.Debug|Any CPU.Build.0 = Debug|Any CPU
		{C1CAA05E-E304-40A5-B084-7829E3874DB0}.Release|Any CPU.ActiveCfg = Release|Any CPU
		{C1CAA05E-E304-40A5-B084-7829E3874DB0}.Release|Any CPU.Build.0 = Release|Any CPU
	EndGlobalSection
	GlobalSection(SolutionProperties) = preSolution
		HideSolutionNode = FALSE
	EndGlobalSection
	GlobalSection(ExtensibilityGlobals) = postSolution
		SolutionGuid = {1FC16802-8B43-4E3C-90EB-EB9CE8DEEEA8}
	EndGlobalSection
EndGlobal
