
Microsoft Visual Studio Solution File, Format Version 12.00
# Visual Studio 15
VisualStudioVersion = 15.0.26730.16
MinimumVisualStudioVersion = 10.0.40219.1
Project("{FAE04EC0-301F-11D3-BF4B-00C04F79EFBC}") = "ConsoleApp9", "ConsoleApp9\ConsoleApp9.csproj", "{B8D89839-F7B5-4126-BF29-CE7C4E09227B}"
EndProject
Global
	GlobalSection(SolutionConfigurationPlatforms) = preSolution
		Debug|Any CPU = Debug|Any CPU
		Release|Any CPU = Release|Any CPU
	EndGlobalSection
	GlobalSection(ProjectConfigurationPlatforms) = postSolution
		{B8D89839-F7B5-4126-BF29-CE7C4E09227B}.Debug|Any CPU.ActiveCfg = Debug|Any CPU
		{B8D89839-F7B5-4126-BF29-CE7C4E09227B}.Debug|Any CPU.Build.0 = Debug|Any CPU
		{B8D89839-F7B5-4126-BF29-CE7C4E09227B}.Release|Any CPU.ActiveCfg = Release|Any CPU
		{B8D89839-F7B5-4126-BF29-CE7C4E09227B}.Release|Any CPU.Build.0 = Release|Any CPU
	EndGlobalSection
	GlobalSection(SolutionProperties) = preSolution
		HideSolutionNode = FALSE
	EndGlobalSection
	GlobalSection(ExtensibilityGlobals) = postSolution
		SolutionGuid = {E11727D2-A06D-43DB-82EA-847EDD5F59BF}
	EndGlobalSection
EndGlobal
