
Microsoft Visual Studio Solution File, Format Version 12.00
# Visual Studio 2012
Project("{FAE04EC0-301F-11D3-BF4B-00C04F79EFBC}") = "jakieszadanie", "jakieszadanie\jakieszadanie.csproj", "{1097FF93-EC58-41AF-880E-55062DE39682}"
EndProject
Global
	GlobalSection(SolutionConfigurationPlatforms) = preSolution
		Debug|Any CPU = Debug|Any CPU
		Release|Any CPU = Release|Any CPU
	EndGlobalSection
	GlobalSection(ProjectConfigurationPlatforms) = postSolution
		{1097FF93-EC58-41AF-880E-55062DE39682}.Debug|Any CPU.ActiveCfg = Debug|Any CPU
		{1097FF93-EC58-41AF-880E-55062DE39682}.Debug|Any CPU.Build.0 = Debug|Any CPU
		{1097FF93-EC58-41AF-880E-55062DE39682}.Release|Any CPU.ActiveCfg = Release|Any CPU
		{1097FF93-EC58-41AF-880E-55062DE39682}.Release|Any CPU.Build.0 = Release|Any CPU
	EndGlobalSection
EndGlobal
